
Microsoft Visual Studio Solution File, Format Version 12.00
# Visual Studio 15
VisualStudioVersion = 15.0.27428.2037
MinimumVisualStudioVersion = 10.0.40219.1
Project("{FAE04EC0-301F-11D3-BF4B-00C04F79EFBC}") = "TravelCompanyImplementation", "TravelCompanyImplementation\TravelCompanyImplementation.csproj", "{717D20A8-BD80-482F-ACD9-EDD107F3EAA5}"
EndProject
Project("{FAE04EC0-301F-11D3-BF4B-00C04F79EFBC}") = "TravelCompanyTest", "TravelCompanyTest\TravelCompanyTest.csproj", "{4AB5B273-9A37-4424-A525-B01682165DF4}"
EndProject
Project("{FAE04EC0-301F-11D3-BF4B-00C04F79EFBC}") = "Utility", "Utility\Utility.csproj", "{C78CF542-0150-4AD3-B305-C74B9C7BFAF6}"
EndProject
Global
	GlobalSection(SolutionConfigurationPlatforms) = preSolution
		Debug|Any CPU = Debug|Any CPU
		Release|Any CPU = Release|Any CPU
	EndGlobalSection
	GlobalSection(ProjectConfigurationPlatforms) = postSolution
		{717D20A8-BD80-482F-ACD9-EDD107F3EAA5}.Debug|Any CPU.ActiveCfg = Debug|Any CPU
		{717D20A8-BD80-482F-ACD9-EDD107F3EAA5}.Debug|Any CPU.Build.0 = Debug|Any CPU
		{717D20A8-BD80-482F-ACD9-EDD107F3EAA5}.Release|Any CPU.ActiveCfg = Release|Any CPU
		{717D20A8-BD80-482F-ACD9-EDD107F3EAA5}.Release|Any CPU.Build.0 = Release|Any CPU
		{4AB5B273-9A37-4424-A525-B01682165DF4}.Debug|Any CPU.ActiveCfg = Debug|Any CPU
		{4AB5B273-9A37-4424-A525-B01682165DF4}.Debug|Any CPU.Build.0 = Debug|Any CPU
		{4AB5B273-9A37-4424-A525-B01682165DF4}.Release|Any CPU.ActiveCfg = Release|Any CPU
		{4AB5B273-9A37-4424-A525-B01682165DF4}.Release|Any CPU.Build.0 = Release|Any CPU
		{C78CF542-0150-4AD3-B305-C74B9C7BFAF6}.Debug|Any CPU.ActiveCfg = Debug|Any CPU
		{C78CF542-0150-4AD3-B305-C74B9C7BFAF6}.Debug|Any CPU.Build.0 = Debug|Any CPU
		{C78CF542-0150-4AD3-B305-C74B9C7BFAF6}.Release|Any CPU.ActiveCfg = Release|Any CPU
		{C78CF542-0150-4AD3-B305-C74B9C7BFAF6}.Release|Any CPU.Build.0 = Release|Any CPU
	EndGlobalSection
	GlobalSection(SolutionProperties) = preSolution
		HideSolutionNode = FALSE
	EndGlobalSection
	GlobalSection(ExtensibilityGlobals) = postSolution
		SolutionGuid = {243B3AA6-CB92-4FCB-AAFF-99D3ED79854C}
	EndGlobalSection
EndGlobal
