
Microsoft Visual Studio Solution File, Format Version 12.00
# Visual Studio 15
VisualStudioVersion = 15.0.27428.2037
MinimumVisualStudioVersion = 10.0.40219.1
Project("{FAE04EC0-301F-11D3-BF4B-00C04F79EFBC}") = "PlannerTest", "PlannerTest\PlannerTest.csproj", "{B736161A-B7C4-406D-B40B-C179346F5AEC}"
EndProject
Project("{FAE04EC0-301F-11D3-BF4B-00C04F79EFBC}") = "PlannerImplementation", "PlannerImplementation\PlannerImplementation.csproj", "{262C4E81-AEA7-493A-A300-13D23001B7D4}"
EndProject
Global
	GlobalSection(SolutionConfigurationPlatforms) = preSolution
		Debug|Any CPU = Debug|Any CPU
		Release|Any CPU = Release|Any CPU
	EndGlobalSection
	GlobalSection(ProjectConfigurationPlatforms) = postSolution
		{B736161A-B7C4-406D-B40B-C179346F5AEC}.Debug|Any CPU.ActiveCfg = Debug|Any CPU
		{B736161A-B7C4-406D-B40B-C179346F5AEC}.Debug|Any CPU.Build.0 = Debug|Any CPU
		{B736161A-B7C4-406D-B40B-C179346F5AEC}.Release|Any CPU.ActiveCfg = Release|Any CPU
		{B736161A-B7C4-406D-B40B-C179346F5AEC}.Release|Any CPU.Build.0 = Release|Any CPU
		{262C4E81-AEA7-493A-A300-13D23001B7D4}.Debug|Any CPU.ActiveCfg = Debug|Any CPU
		{262C4E81-AEA7-493A-A300-13D23001B7D4}.Debug|Any CPU.Build.0 = Debug|Any CPU
		{262C4E81-AEA7-493A-A300-13D23001B7D4}.Release|Any CPU.ActiveCfg = Release|Any CPU
		{262C4E81-AEA7-493A-A300-13D23001B7D4}.Release|Any CPU.Build.0 = Release|Any CPU
	EndGlobalSection
	GlobalSection(SolutionProperties) = preSolution
		HideSolutionNode = FALSE
	EndGlobalSection
	GlobalSection(ExtensibilityGlobals) = postSolution
		SolutionGuid = {243B3AA6-CB92-4FCB-AAFF-99D3ED79854C}
	EndGlobalSection
EndGlobal
